<?xml version="1.0" encoding="UTF-8"?>
<Scheme
   version = "1.3">
   <BuildAction>
      <BuildActionEntries>
         <BuildActionEntry
            buildForRunning = "YES">
            <BuildableReference
               BuildableIdentifier = "primary"
               BlueprintIdentifier = "B7D10A341D226F8300AF06D6"
               BuildableName = "RSS Feed.app"
               BlueprintName = "RSS Feed"
               ReferencedContainer = "container:RSS Feed.xcodeproj">
            </BuildableReference>
         </BuildActionEntry>
      </BuildActionEntries>
   </BuildAction>
   <LaunchAction
      useCustomWorkingDirectory = "NO"
      buildConfiguration = "Debug">
      <BuildableProductRunnable>
         <BuildableReference
            BuildableIdentifier = "primary"
            BlueprintIdentifier = "B7D10A341D226F8300AF06D6"
            BuildableName = "RSS Feed.app"
            BlueprintName = "RSS Feed"
            ReferencedContainer = "container:RSS Feed.xcodeproj">
         </BuildableReference>
      </BuildableProductRunnable>
   </LaunchAction>
</Scheme>
